// !$*UTF8*$!
{
	archiveVersion = 1;
	classes = {
	};
	objectVersion = 50;
	objects = {

/* Begin PBXBuildFile section */
		6534BDBC2146E182004D30BE /* AppDelegate.swift in Sources */ = {isa = PBXBuildFile; fileRef = 6534BDBB2146E182004D30BE /* AppDelegate.swift */; };
		6534BDBE2146E182004D30BE /* ViewController.swift in Sources */ = {isa = PBXBuildFile; fileRef = 6534BDBD2146E182004D30BE /* ViewController.swift */; };
		6534BDC02146E183004D30BE /* Assets.xcassets in Resources */ = {isa = PBXBuildFile; fileRef = 6534BDBF2146E183004D30BE /* Assets.xcassets */; };
		6534BDC32146E183004D30BE /* Main.storyboard in Resources */ = {isa = PBXBuildFile; fileRef = 6534BDC12146E183004D30BE /* Main.storyboard */; };
		6534BDCF2146E183004D30BE /* LearningTests.swift in Sources */ = {isa = PBXBuildFile; fileRef = 6534BDCE2146E183004D30BE /* LearningTests.swift */; };
		6534BDDA2146E183004D30BE /* LearningUITests.swift in Sources */ = {isa = PBXBuildFile; fileRef = 6534BDD92146E183004D30BE /* LearningUITests.swift */; };
/* End PBXBuildFile section */

/* Begin PBXContainerItemProxy section */
		6534BDCB2146E183004D30BE /* PBXContainerItemProxy */ = {
			isa = PBXContainerItemProxy;
			containerPortal = 6534BDB02146E182004D30BE /* Project object */;
			proxyType = 1;
			remoteGlobalIDString = 6534BDB72146E182004D30BE;
			remoteInfo = Learning;
		};
		6534BDD62146E183004D30BE /* PBXContainerItemProxy */ = {
			isa = PBXContainerItemProxy;
			containerPortal = 6534BDB02146E182004D30BE /* Project object */;
			proxyType = 1;
			remoteGlobalIDString = 6534BDB72146E182004D30BE;
			remoteInfo = Learning;
		};
/* End PBXContainerItemProxy section */

/* Begin PBXFileReference section */
		6534BDB82146E182004D30BE /* Learning.app */ = {isa = PBXFileReference; explicitFileType = wrapper.application; includeInIndex = 0; path = Learning.app; sourceTree = BUILT_PRODUCTS_DIR; };
		6534BDBB2146E182004D30BE /* AppDelegate.swift */ = {isa = PBXFileReference; lastKnownFileType = sourcecode.swift; path = AppDelegate.swift; sourceTree = "<group>"; };
		6534BDBD2146E182004D30BE /* ViewController.swift */ = {isa = PBXFileReference; lastKnownFileType = sourcecode.swift; path = ViewController.swift; sourceTree = "<group>"; };
		6534BDBF2146E183004D30BE /* Assets.xcassets */ = {isa = PBXFileReference; lastKnownFileType = folder.assetcatalog; path = Assets.xcassets; sourceTree = "<group>"; };
		6534BDC22146E183004D30BE /* Base */ = {isa = PBXFileReference; lastKnownFileType = file.storyboard; name = Base; path = Base.lproj/Main.storyboard; sourceTree = "<group>"; };
		6534BDC42146E183004D30BE /* Info.plist */ = {isa = PBXFileReference; lastKnownFileType = text.plist.xml; path = Info.plist; sourceTree = "<group>"; };
		6534BDC52146E183004D30BE /* Learning.entitlements */ = {isa = PBXFileReference; lastKnownFileType = text.plist.entitlements; path = Learning.entitlements; sourceTree = "<group>"; };
		6534BDCA2146E183004D30BE /* LearningTests.xctest */ = {isa = PBXFileReference; explicitFileType = wrapper.cfbundle; includeInIndex = 0; path = LearningTests.xctest; sourceTree = BUILT_PRODUCTS_DIR; };
		6534BDCE2146E183004D30BE /* LearningTests.swift */ = {isa = PBXFileReference; lastKnownFileType = sourcecode.swift; path = LearningTests.swift; sourceTree = "<group>"; };
		6534BDD02146E183004D30BE /* Info.plist */ = {isa = PBXFileReference; lastKnownFileType = text.plist.xml; path = Info.plist; sourceTree = "<group>"; };
		6534BDD52146E183004D30BE /* LearningUITests.xctest */ = {isa = PBXFileReference; explicitFileType = wrapper.cfbundle; includeInIndex = 0; path = LearningUITests.xctest; sourceTree = BUILT_PRODUCTS_DIR; };
		6534BDD92146E183004D30BE /* LearningUITests.swift */ = {isa = PBXFileReference; lastKnownFileType = sourcecode.swift; path = LearningUITests.swift; sourceTree = "<group>"; };
		6534BDDB2146E183004D30BE /* Info.plist */ = {isa = PBXFileReference; lastKnownFileType = text.plist.xml; path = Info.plist; sourceTree = "<group>"; };
/* End PBXFileReference section */

/* Begin PBXFrameworksBuildPhase section */
		6534BDB52146E182004D30BE /* Frameworks */ = {
			isa = PBXFrameworksBuildPhase;
			buildActionMask = 2147483647;
			files = (
			);
			runOnlyForDeploymentPostprocessing = 0;
		};
		6534BDC72146E183004D30BE /* Frameworks */ = {
			isa = PBXFrameworksBuildPhase;
			buildActionMask = 2147483647;
			files = (
			);
			runOnlyForDeploymentPostprocessing = 0;
		};
		6534BDD22146E183004D30BE /* Frameworks */ = {
			isa = PBXFrameworksBuildPhase;
			buildActionMask = 2147483647;
			files = (
			);
			runOnlyForDeploymentPostprocessing = 0;
		};
/* End PBXFrameworksBuildPhase section */

/* Begin PBXGroup section */
		6534BDAF2146E182004D30BE = {
			isa = PBXGroup;
			children = (
				6534BDBA2146E182004D30BE /* Learning */,
				6534BDCD2146E183004D30BE /* LearningTests */,
				6534BDD82146E183004D30BE /* LearningUITests */,
				6534BDB92146E182004D30BE /* Products */,
			);
			sourceTree = "<group>";
		};
		6534BDB92146E182004D30BE /* Products */ = {
			isa = PBXGroup;
			children = (
				6534BDB82146E182004D30BE /* Learning.app */,
				6534BDCA2146E183004D30BE /* LearningTests.xctest */,
				6534BDD52146E183004D30BE /* LearningUITests.xctest */,
			);
			name = Products;
			sourceTree = "<group>";
		};
		6534BDBA2146E182004D30BE /* Learning */ = {
			isa = PBXGroup;
			children = (
				6534BDBB2146E182004D30BE /* AppDelegate.swift */,
				6534BDBD2146E182004D30BE /* ViewController.swift */,
				6534BDBF2146E183004D30BE /* Assets.xcassets */,
				6534BDC12146E183004D30BE /* Main.storyboard */,
				6534BDC42146E183004D30BE /* Info.plist */,
				6534BDC52146E183004D30BE /* Learning.entitlements */,
			);
			path = Learning;
			sourceTree = "<group>";
		};
		6534BDCD2146E183004D30BE /* LearningTests */ = {
			isa = PBXGroup;
			children = (
				6534BDCE2146E183004D30BE /* LearningTests.swift */,
				6534BDD02146E183004D30BE /* Info.plist */,
			);
			path = LearningTests;
			sourceTree = "<group>";
		};
		6534BDD82146E183004D30BE /* LearningUITests */ = {
			isa = PBXGroup;
			children = (
				6534BDD92146E183004D30BE /* LearningUITests.swift */,
				6534BDDB2146E183004D30BE /* Info.plist */,
			);
			path = LearningUITests;
			sourceTree = "<group>";
		};
/* End PBXGroup section */

/* Begin PBXNativeTarget section */
		6534BDB72146E182004D30BE /* Learning */ = {
			isa = PBXNativeTarget;
			buildConfigurationList = 6534BDDE2146E183004D30BE /* Build configuration list for PBXNativeTarget "Learning" */;
			buildPhases = (
				6534BDB42146E182004D30BE /* Sources */,
				6534BDB52146E182004D30BE /* Frameworks */,
				6534BDB62146E182004D30BE /* Resources */,
			);
			buildRules = (
			);
			dependencies = (
			);
			name = Learning;
			productName = Learning;
			productReference = 6534BDB82146E182004D30BE /* Learning.app */;
			productType = "com.apple.product-type.application";
		};
		6534BDC92146E183004D30BE /* LearningTests */ = {
			isa = PBXNativeTarget;
			buildConfigurationList = 6534BDE12146E183004D30BE /* Build configuration list for PBXNativeTarget "LearningTests" */;
			buildPhases = (
				6534BDC62146E183004D30BE /* Sources */,
				6534BDC72146E183004D30BE /* Frameworks */,
				6534BDC82146E183004D30BE /* Resources */,
			);
			buildRules = (
			);
			dependencies = (
				6534BDCC2146E183004D30BE /* PBXTargetDependency */,
			);
			name = LearningTests;
			productName = LearningTests;
			productReference = 6534BDCA2146E183004D30BE /* LearningTests.xctest */;
			productType = "com.apple.product-type.bundle.unit-test";
		};
		6534BDD42146E183004D30BE /* LearningUITests */ = {
			isa = PBXNativeTarget;
			buildConfigurationList = 6534BDE42146E183004D30BE /* Build configuration list for PBXNativeTarget "LearningUITests" */;
			buildPhases = (
				6534BDD12146E183004D30BE /* Sources */,
				6534BDD22146E183004D30BE /* Frameworks */,
				6534BDD32146E183004D30BE /* Resources */,
			);
			buildRules = (
			);
			dependencies = (
				6534BDD72146E183004D30BE /* PBXTargetDependency */,
			);
			name = LearningUITests;
			productName = LearningUITests;
			productReference = 6534BDD52146E183004D30BE /* LearningUITests.xctest */;
			productType = "com.apple.product-type.bundle.ui-testing";
		};
/* End PBXNativeTarget section */

/* Begin PBXProject section */
		6534BDB02146E182004D30BE /* Project object */ = {
			isa = PBXProject;
			attributes = {
				LastSwiftUpdateCheck = 0940;
				LastUpgradeCheck = 0940;
				ORGANIZATIONNAME = CREER;
				TargetAttributes = {
					6534BDB72146E182004D30BE = {
						CreatedOnToolsVersion = 9.4;
					};
					6534BDC92146E183004D30BE = {
						CreatedOnToolsVersion = 9.4;
						TestTargetID = 6534BDB72146E182004D30BE;
					};
					6534BDD42146E183004D30BE = {
						CreatedOnToolsVersion = 9.4;
						TestTargetID = 6534BDB72146E182004D30BE;
					};
				};
			};
			buildConfigurationList = 6534BDB32146E182004D30BE /* Build configuration list for PBXProject "Learning" */;
			compatibilityVersion = "Xcode 9.3";
			developmentRegion = en;
			hasScannedForEncodings = 0;
			knownRegions = (
				en,
				Base,
			);
			mainGroup = 6534BDAF2146E182004D30BE;
			productRefGroup = 6534BDB92146E182004D30BE /* Products */;
			projectDirPath = "";
			projectRoot = "";
			targets = (
				6534BDB72146E182004D30BE /* Learning */,
				6534BDC92146E183004D30BE /* LearningTests */,
				6534BDD42146E183004D30BE /* LearningUITests */,
			);
		};
/* End PBXProject section */

/* Begin PBXResourcesBuildPhase section */
		6534BDB62146E182004D30BE /* Resources */ = {
			isa = PBXResourcesBuildPhase;
			buildActionMask = 2147483647;
			files = (
				6534BDC02146E183004D30BE /* Assets.xcassets in Resources */,
				6534BDC32146E183004D30BE /* Main.storyboard in Resources */,
			);
			runOnlyForDeploymentPostprocessing = 0;
		};
		6534BDC82146E183004D30BE /* Resources */ = {
			isa = PBXResourcesBuildPhase;
			buildActionMask = 2147483647;
			files = (
			);
			runOnlyForDeploymentPostprocessing = 0;
		};
		6534BDD32146E183004D30BE /* Resources */ = {
			isa = PBXResourcesBuildPhase;
			buildActionMask = 2147483647;
			files = (
			);
			runOnlyForDeploymentPostprocessing = 0;
		};
/* End PBXResourcesBuildPhase section */

/* Begin PBXSourcesBuildPhase section */
		6534BDB42146E182004D30BE /* Sources */ = {
			isa = PBXSourcesBuildPhase;
			buildActionMask = 2147483647;
			files = (
				6534BDBE2146E182004D30BE /* ViewController.swift in Sources */,
				6534BDBC2146E182004D30BE /* AppDelegate.swift in Sources */,
			);
			runOnlyForDeploymentPostprocessing = 0;
		};
		6534BDC62146E183004D30BE /* Sources */ = {
			isa = PBXSourcesBuildPhase;
			buildActionMask = 2147483647;
			files = (
				6534BDCF2146E183004D30BE /* LearningTests.swift in Sources */,
			);
			runOnlyForDeploymentPostprocessing = 0;
		};
		6534BDD12146E183004D30BE /* Sources */ = {
			isa = PBXSourcesBuildPhase;
			buildActionMask = 2147483647;
			files = (
				6534BDDA2146E183004D30BE /* LearningUITests.swift in Sources */,
			);
			runOnlyForDeploymentPostprocessing = 0;
		};
/* End PBXSourcesBuildPhase section */

/* Begin PBXTargetDependency section */
		6534BDCC2146E183004D30BE /* PBXTargetDependency */ = {
			isa = PBXTargetDependency;
			target = 6534BDB72146E182004D30BE /* Learning */;
			targetProxy = 6534BDCB2146E183004D30BE /* PBXContainerItemProxy */;
		};
		6534BDD72146E183004D30BE /* PBXTargetDependency */ = {
			isa = PBXTargetDependency;
			target = 6534BDB72146E182004D30BE /* Learning */;
			targetProxy = 6534BDD62146E183004D30BE /* PBXContainerItemProxy */;
		};
/* End PBXTargetDependency section */

/* Begin PBXVariantGroup section */
		6534BDC12146E183004D30BE /* Main.storyboard */ = {
			isa = PBXVariantGroup;
			children = (
				6534BDC22146E183004D30BE /* Base */,
			);
			name = Main.storyboard;
			sourceTree = "<group>";
		};
/* End PBXVariantGroup section */

/* Begin XCBuildConfiguration section */
		6534BDDC2146E183004D30BE /* Debug */ = {
			isa = XCBuildConfiguration;
			buildSettings = {
				ALWAYS_SEARCH_USER_PATHS = NO;
				CLANG_ANALYZER_NONNULL = YES;
				CLANG_ANALYZER_NUMBER_OBJECT_CONVERSION = YES_AGGRESSIVE;
				CLANG_CXX_LANGUAGE_STANDARD = "gnu++14";
				CLANG_CXX_LIBRARY = "libc++";
				CLANG_ENABLE_MODULES = YES;
				CLANG_ENABLE_OBJC_ARC = YES;
				CLANG_ENABLE_OBJC_WEAK = YES;
				CLANG_WARN_BLOCK_CAPTURE_AUTORELEASING = YES;
				CLANG_WARN_BOOL_CONVERSION = YES;
				CLANG_WARN_COMMA = YES;
				CLANG_WARN_CONSTANT_CONVERSION = YES;
				CLANG_WARN_DEPRECATED_OBJC_IMPLEMENTATIONS = YES;
				CLANG_WARN_DIRECT_OBJC_ISA_USAGE = YES_ERROR;
				CLANG_WARN_DOCUMENTATION_COMMENTS = YES;
				CLANG_WARN_EMPTY_BODY = YES;
				CLANG_WARN_ENUM_CONVERSION = YES;
				CLANG_WARN_INFINITE_RECURSION = YES;
				CLANG_WARN_INT_CONVERSION = YES;
				CLANG_WARN_NON_LITERAL_NULL_CONVERSION = YES;
				CLANG_WARN_OBJC_IMPLICIT_RETAIN_SELF = YES;
				CLANG_WARN_OBJC_LITERAL_CONVERSION = YES;
				CLANG_WARN_OBJC_ROOT_CLASS = YES_ERROR;
				CLANG_WARN_RANGE_LOOP_ANALYSIS = YES;
				CLANG_WARN_STRICT_PROTOTYPES = YES;
				CLANG_WARN_SUSPICIOUS_MOVE = YES;
				CLANG_WARN_UNGUARDED_AVAILABILITY = YES_AGGRESSIVE;
				CLANG_WARN_UNREACHABLE_CODE = YES;
				CLANG_WARN__DUPLICATE_METHOD_MATCH = YES;
				CODE_SIGN_IDENTITY = "Mac Developer";
				COPY_PHASE_STRIP = NO;
				DEBUG_INFORMATION_FORMAT = dwarf;
				ENABLE_STRICT_OBJC_MSGSEND = YES;
				ENABLE_TESTABILITY = YES;
				GCC_C_LANGUAGE_STANDARD = gnu11;
				GCC_DYNAMIC_NO_PIC = NO;
				GCC_NO_COMMON_BLOCKS = YES;
				GCC_OPTIMIZATION_LEVEL = 0;
				GCC_PREPROCESSOR_DEFINITIONS = (
					"DEBUG=1",
					"$(inherited)",
				);
				GCC_WARN_64_TO_32_BIT_CONVERSION = YES;
				GCC_WARN_ABOUT_RETURN_TYPE = YES_ERROR;
				GCC_WARN_UNDECLARED_SELECTOR = YES;
				GCC_WARN_UNINITIALIZED_AUTOS = YES_AGGRESSIVE;
				GCC_WARN_UNUSED_FUNCTION = YES;
				GCC_WARN_UNUSED_VARIABLE = YES;
				MACOSX_DEPLOYMENT_TARGET = 10.13;
				MTL_ENABLE_DEBUG_INFO = YES;
				ONLY_ACTIVE_ARCH = YES;
				SDKROOT = macosx;
				SWIFT_ACTIVE_COMPILATION_CONDITIONS = DEBUG;
				SWIFT_OPTIMIZATION_LEVEL = "-Onone";
			};
			name = Debug;
		};
		6534BDDD2146E183004D30BE /* Release */ = {
			isa = XCBuildConfiguration;
			buildSettings = {
				ALWAYS_SEARCH_USER_PATHS = NO;
				CLANG_ANALYZER_NONNULL = YES;
				CLANG_ANALYZER_NUMBER_OBJECT_CONVERSION = YES_AGGRESSIVE;
				CLANG_CXX_LANGUAGE_STANDARD = "gnu++14";
				CLANG_CXX_LIBRARY = "libc++";
				CLANG_ENABLE_MODULES = YES;
				CLANG_ENABLE_OBJC_ARC = YES;
				CLANG_ENABLE_OBJC_WEAK = YES;
				CLANG_WARN_BLOCK_CAPTURE_AUTORELEASING = YES;
				CLANG_WARN_BOOL_CONVERSION = YES;
				CLANG_WARN_COMMA = YES;
				CLANG_WARN_CONSTANT_CONVERSION = YES;
				CLANG_WARN_DEPRECATED_OBJC_IMPLEMENTATIONS = YES;
				CLANG_WARN_DIRECT_OBJC_ISA_USAGE = YES_ERROR;
				CLANG_WARN_DOCUMENTATION_COMMENTS = YES;
				CLANG_WARN_EMPTY_BODY = YES;
				CLANG_WARN_ENUM_CONVERSION = YES;
				CLANG_WARN_INFINITE_RECURSION = YES;
				CLANG_WARN_INT_CONVERSION = YES;
				CLANG_WARN_NON_LITERAL_NULL_CONVERSION = YES;
				CLANG_WARN_OBJC_IMPLICIT_RETAIN_SELF = YES;
				CLANG_WARN_OBJC_LITERAL_CONVERSION = YES;
				CLANG_WARN_OBJC_ROOT_CLASS = YES_ERROR;
				CLANG_WARN_RANGE_LOOP_ANALYSIS = YES;
				CLANG_WARN_STRICT_PROTOTYPES = YES;
				CLANG_WARN_SUSPICIOUS_MOVE = YES;
				CLANG_WARN_UNGUARDED_AVAILABILITY = YES_AGGRESSIVE;
				CLANG_WARN_UNREACHABLE_CODE = YES;
				CLANG_WARN__DUPLICATE_METHOD_MATCH = YES;
				CODE_SIGN_IDENTITY = "Mac Developer";
				COPY_PHASE_STRIP = NO;
				DEBUG_INFORMATION_FORMAT = "dwarf-with-dsym";
				ENABLE_NS_ASSERTIONS = NO;
				ENABLE_STRICT_OBJC_MSGSEND = YES;
				GCC_C_LANGUAGE_STANDARD = gnu11;
				GCC_NO_COMMON_BLOCKS = YES;
				GCC_WARN_64_TO_32_BIT_CONVERSION = YES;
				GCC_WARN_ABOUT_RETURN_TYPE = YES_ERROR;
				GCC_WARN_UNDECLARED_SELECTOR = YES;
				GCC_WARN_UNINITIALIZED_AUTOS = YES_AGGRESSIVE;
				GCC_WARN_UNUSED_FUNCTION = YES;
				GCC_WARN_UNUSED_VARIABLE = YES;
				MACOSX_DEPLOYMENT_TARGET = 10.13;
				MTL_ENABLE_DEBUG_INFO = NO;
				SDKROOT = macosx;
				SWIFT_COMPILATION_MODE = wholemodule;
				SWIFT_OPTIMIZATION_LEVEL = "-O";
			};
			name = Release;
		};
		6534BDDF2146E183004D30BE /* Debug */ = {
			isa = XCBuildConfiguration;
			buildSettings = {
				ASSETCATALOG_COMPILER_APPICON_NAME = AppIcon;
				CODE_SIGN_ENTITLEMENTS = Learning/Learning.entitlements;
				CODE_SIGN_STYLE = Automatic;
				COMBINE_HIDPI_IMAGES = YES;
				DEVELOPMENT_TEAM = TS9873N2B5;
				INFOPLIST_FILE = Learning/Info.plist;
				LD_RUNPATH_SEARCH_PATHS = (
					"$(inherited)",
					"@executable_path/../Frameworks",
				);
				PRODUCT_BUNDLE_IDENTIFIER = creer.dev.Learning;
				PRODUCT_NAME = "$(TARGET_NAME)";
				SWIFT_VERSION = 4.0;
			};
			name = Debug;
		};
		6534BDE02146E183004D30BE /* Release */ = {
			isa = XCBuildConfiguration;
			buildSettings = {
				ASSETCATALOG_COMPILER_APPICON_NAME = AppIcon;
				CODE_SIGN_ENTITLEMENTS = Learning/Learning.entitlements;
				CODE_SIGN_STYLE = Automatic;
				COMBINE_HIDPI_IMAGES = YES;
				DEVELOPMENT_TEAM = TS9873N2B5;
				INFOPLIST_FILE = Learning/Info.plist;
				LD_RUNPATH_SEARCH_PATHS = (
					"$(inherited)",
					"@executable_path/../Frameworks",
				);
				PRODUCT_BUNDLE_IDENTIFIER = creer.dev.Learning;
				PRODUCT_NAME = "$(TARGET_NAME)";
				SWIFT_VERSION = 4.0;
			};
			name = Release;
		};
		6534BDE22146E183004D30BE /* Debug */ = {
			isa = XCBuildConfiguration;
			buildSettings = {
				ALWAYS_EMBED_SWIFT_STANDARD_LIBRARIES = YES;
				BUNDLE_LOADER = "$(TEST_HOST)";
				CODE_SIGN_STYLE = Automatic;
				COMBINE_HIDPI_IMAGES = YES;
				DEVELOPMENT_TEAM = TS9873N2B5;
				INFOPLIST_FILE = LearningTests/Info.plist;
				LD_RUNPATH_SEARCH_PATHS = (
					"$(inherited)",
					"@executable_path/../Frameworks",
					"@loader_path/../Frameworks",
				);
				PRODUCT_BUNDLE_IDENTIFIER = creer.dev.LearningTests;
				PRODUCT_NAME = "$(TARGET_NAME)";
				SWIFT_VERSION = 4.0;
				TEST_HOST = "$(BUILT_PRODUCTS_DIR)/Learning.app/Contents/MacOS/Learning";
			};
			name = Debug;
		};
		6534BDE32146E183004D30BE /* Release */ = {
			isa = XCBuildConfiguration;
			buildSettings = {
				ALWAYS_EMBED_SWIFT_STANDARD_LIBRARIES = YES;
				BUNDLE_LOADER = "$(TEST_HOST)";
				CODE_SIGN_STYLE = Automatic;
				COMBINE_HIDPI_IMAGES = YES;
				DEVELOPMENT_TEAM = TS9873N2B5;
				INFOPLIST_FILE = LearningTests/Info.plist;
				LD_RUNPATH_SEARCH_PATHS = (
					"$(inherited)",
					"@executable_path/../Frameworks",
					"@loader_path/../Frameworks",
				);
				PRODUCT_BUNDLE_IDENTIFIER = creer.dev.LearningTests;
				PRODUCT_NAME = "$(TARGET_NAME)";
				SWIFT_VERSION = 4.0;
				TEST_HOST = "$(BUILT_PRODUCTS_DIR)/Learning.app/Contents/MacOS/Learning";
			};
			name = Release;
		};
		6534BDE52146E183004D30BE /* Debug */ = {
			isa = XCBuildConfiguration;
			buildSettings = {
				ALWAYS_EMBED_SWIFT_STANDARD_LIBRARIES = YES;
				CODE_SIGN_STYLE = Automatic;
				COMBINE_HIDPI_IMAGES = YES;
				DEVELOPMENT_TEAM = TS9873N2B5;
				INFOPLIST_FILE = LearningUITests/Info.plist;
				LD_RUNPATH_SEARCH_PATHS = (
					"$(inherited)",
					"@executable_path/../Frameworks",
					"@loader_path/../Frameworks",
				);
				PRODUCT_BUNDLE_IDENTIFIER = creer.dev.LearningUITests;
				PRODUCT_NAME = "$(TARGET_NAME)";
				SWIFT_VERSION = 4.0;
				TEST_TARGET_NAME = Learning;
			};
			name = Debug;
		};
		6534BDE62146E183004D30BE /* Release */ = {
			isa = XCBuildConfiguration;
			buildSettings = {
				ALWAYS_EMBED_SWIFT_STANDARD_LIBRARIES = YES;
				CODE_SIGN_STYLE = Automatic;
				COMBINE_HIDPI_IMAGES = YES;
				DEVELOPMENT_TEAM = TS9873N2B5;
				INFOPLIST_FILE = LearningUITests/Info.plist;
				LD_RUNPATH_SEARCH_PATHS = (
					"$(inherited)",
					"@executable_path/../Frameworks",
					"@loader_path/../Frameworks",
				);
				PRODUCT_BUNDLE_IDENTIFIER = creer.dev.LearningUITests;
				PRODUCT_NAME = "$(TARGET_NAME)";
				SWIFT_VERSION = 4.0;
				TEST_TARGET_NAME = Learning;
			};
			name = Release;
		};
/* End XCBuildConfiguration section */

/* Begin XCConfigurationList section */
		6534BDB32146E182004D30BE /* Build configuration list for PBXProject "Learning" */ = {
			isa = XCConfigurationList;
			buildConfigurations = (
				6534BDDC2146E183004D30BE /* Debug */,
				6534BDDD2146E183004D30BE /* Release */,
			);
			defaultConfigurationIsVisible = 0;
			defaultConfigurationName = Release;
		};
		6534BDDE2146E183004D30BE /* Build configuration list for PBXNativeTarget "Learning" */ = {
			isa = XCConfigurationList;
			buildConfigurations = (
				6534BDDF2146E183004D30BE /* Debug */,
				6534BDE02146E183004D30BE /* Release */,
			);
			defaultConfigurationIsVisible = 0;
			defaultConfigurationName = Release;
		};
		6534BDE12146E183004D30BE /* Build configuration list for PBXNativeTarget "LearningTests" */ = {
			isa = XCConfigurationList;
			buildConfigurations = (
				6534BDE22146E183004D30BE /* Debug */,
				6534BDE32146E183004D30BE /* Release */,
			);
			defaultConfigurationIsVisible = 0;
			defaultConfigurationName = Release;
		};
		6534BDE42146E183004D30BE /* Build configuration list for PBXNativeTarget "LearningUITests" */ = {
			isa = XCConfigurationList;
			buildConfigurations = (
				6534BDE52146E183004D30BE /* Debug */,
				6534BDE62146E183004D30BE /* Release */,
			);
			defaultConfigurationIsVisible = 0;
			defaultConfigurationName = Release;
		};
/* End XCConfigurationList section */
	};
	rootObject = 6534BDB02146E182004D30BE /* Project object */;
}
